
Microsoft Visual Studio Solution File, Format Version 12.00
# Visual Studio Version 17
VisualStudioVersion = 17.12.35527.113 d17.12
MinimumVisualStudioVersion = 10.0.40219.1
Project("{FAE04EC0-301F-11D3-BF4B-00C04F79EFBC}") = "MyCleaningService.Server", "MyCleaningService.Server\MyCleaningService.Server.csproj", "{90AE39CB-04E8-4559-B2F0-15D2EB3B3979}"
EndProject
Project("{54A90642-561A-4BB1-A94E-469ADEE60C69}") = "mycleaningservice.client", "mycleaningservice.client\mycleaningservice.client.esproj", "{AEA1A2C9-4619-4362-A371-B750DB073A6B}"
EndProject
Global
	GlobalSection(SolutionConfigurationPlatforms) = preSolution
		Debug|Any CPU = Debug|Any CPU
		Release|Any CPU = Release|Any CPU
	EndGlobalSection
	GlobalSection(ProjectConfigurationPlatforms) = postSolution
		{90AE39CB-04E8-4559-B2F0-15D2EB3B3979}.Debug|Any CPU.ActiveCfg = Debug|Any CPU
		{90AE39CB-04E8-4559-B2F0-15D2EB3B3979}.Debug|Any CPU.Build.0 = Debug|Any CPU
		{90AE39CB-04E8-4559-B2F0-15D2EB3B3979}.Release|Any CPU.ActiveCfg = Release|Any CPU
		{90AE39CB-04E8-4559-B2F0-15D2EB3B3979}.Release|Any CPU.Build.0 = Release|Any CPU
		{AEA1A2C9-4619-4362-A371-B750DB073A6B}.Debug|Any CPU.ActiveCfg = Debug|Any CPU
		{AEA1A2C9-4619-4362-A371-B750DB073A6B}.Debug|Any CPU.Build.0 = Debug|Any CPU
		{AEA1A2C9-4619-4362-A371-B750DB073A6B}.Debug|Any CPU.Deploy.0 = Debug|Any CPU
		{AEA1A2C9-4619-4362-A371-B750DB073A6B}.Release|Any CPU.ActiveCfg = Release|Any CPU
		{AEA1A2C9-4619-4362-A371-B750DB073A6B}.Release|Any CPU.Build.0 = Release|Any CPU
		{AEA1A2C9-4619-4362-A371-B750DB073A6B}.Release|Any CPU.Deploy.0 = Release|Any CPU
	EndGlobalSection
	GlobalSection(SolutionProperties) = preSolution
		HideSolutionNode = FALSE
	EndGlobalSection
EndGlobal
